
Microsoft Visual Studio Solution File, Format Version 11.00
# Visual Studio 2010
Project("{FAE04EC0-301F-11D3-BF4B-00C04F79EFBC}") = "Servicio_Momias", "Servicio_Momias\Servicio_Momias.csproj", "{E174C39B-3A26-4B09-A750-36DB4C8743CD}"
EndProject
Project("{54435603-DBB4-11D2-8724-00A0C9A8B90C}") = "Instalador_Momias_Turnos", "Instalador_Momias_Turnos\Instalador_Momias_Turnos.vdproj", "{1E9F05A4-73B8-45D7-B25B-4C890095A8B0}"
EndProject
Global
	GlobalSection(SolutionConfigurationPlatforms) = preSolution
		Debug|Any CPU = Debug|Any CPU
		Debug|x86 = Debug|x86
		Release|Any CPU = Release|Any CPU
		Release|x86 = Release|x86
	EndGlobalSection
	GlobalSection(ProjectConfigurationPlatforms) = postSolution
		{E174C39B-3A26-4B09-A750-36DB4C8743CD}.Debug|Any CPU.ActiveCfg = Debug|Any CPU
		{E174C39B-3A26-4B09-A750-36DB4C8743CD}.Debug|Any CPU.Build.0 = Debug|Any CPU
		{E174C39B-3A26-4B09-A750-36DB4C8743CD}.Debug|x86.ActiveCfg = Debug|x86
		{E174C39B-3A26-4B09-A750-36DB4C8743CD}.Debug|x86.Build.0 = Debug|x86
		{E174C39B-3A26-4B09-A750-36DB4C8743CD}.Release|Any CPU.ActiveCfg = Release|Any CPU
		{E174C39B-3A26-4B09-A750-36DB4C8743CD}.Release|Any CPU.Build.0 = Release|Any CPU
		{E174C39B-3A26-4B09-A750-36DB4C8743CD}.Release|x86.ActiveCfg = Release|x86
		{E174C39B-3A26-4B09-A750-36DB4C8743CD}.Release|x86.Build.0 = Release|x86
		{1E9F05A4-73B8-45D7-B25B-4C890095A8B0}.Debug|Any CPU.ActiveCfg = Debug
		{1E9F05A4-73B8-45D7-B25B-4C890095A8B0}.Debug|Any CPU.Build.0 = Debug
		{1E9F05A4-73B8-45D7-B25B-4C890095A8B0}.Debug|x86.ActiveCfg = Debug
		{1E9F05A4-73B8-45D7-B25B-4C890095A8B0}.Release|Any CPU.ActiveCfg = Release
		{1E9F05A4-73B8-45D7-B25B-4C890095A8B0}.Release|Any CPU.Build.0 = Release
		{1E9F05A4-73B8-45D7-B25B-4C890095A8B0}.Release|x86.ActiveCfg = Release
	EndGlobalSection
	GlobalSection(SolutionProperties) = preSolution
		HideSolutionNode = FALSE
	EndGlobalSection
EndGlobal
